
Microsoft Visual Studio Solution File, Format Version 12.00
# Visual Studio Version 17
VisualStudioVersion = 17.11.35208.52
MinimumVisualStudioVersion = 10.0.40219.1
Project("{FAE04EC0-301F-11D3-BF4B-00C04F79EFBC}") = "Neo4j", "Neo4j\Neo4j.csproj", "{D92076D5-3D1B-4DCD-AFFD-C3216D35BB9D}"
EndProject
Global
	GlobalSection(SolutionConfigurationPlatforms) = preSolution
		Debug|Any CPU = Debug|Any CPU
		Release|Any CPU = Release|Any CPU
	EndGlobalSection
	GlobalSection(ProjectConfigurationPlatforms) = postSolution
		{D92076D5-3D1B-4DCD-AFFD-C3216D35BB9D}.Debug|Any CPU.ActiveCfg = Debug|Any CPU
		{D92076D5-3D1B-4DCD-AFFD-C3216D35BB9D}.Debug|Any CPU.Build.0 = Debug|Any CPU
		{D92076D5-3D1B-4DCD-AFFD-C3216D35BB9D}.Release|Any CPU.ActiveCfg = Release|Any CPU
		{D92076D5-3D1B-4DCD-AFFD-C3216D35BB9D}.Release|Any CPU.Build.0 = Release|Any CPU
	EndGlobalSection
	GlobalSection(SolutionProperties) = preSolution
		HideSolutionNode = FALSE
	EndGlobalSection
	GlobalSection(ExtensibilityGlobals) = postSolution
		SolutionGuid = {96C6FBE9-2C8E-49B9-8C41-2FA3016B7491}
	EndGlobalSection
EndGlobal
